// !$*UTF8*$!
{
	archiveVersion = 1;
	classes = {
	};
	objectVersion = 52;
	objects = {

/* Begin PBXBuildFile section */
		242D0D1D25800BA20084CE4E /* NetworkingExampleApp.swift in Sources */ = {isa = PBXBuildFile; fileRef = 242D0D1C25800BA20084CE4E /* NetworkingExampleApp.swift */; };
		242D0D1F25800BA20084CE4E /* ContentView.swift in Sources */ = {isa = PBXBuildFile; fileRef = 242D0D1E25800BA20084CE4E /* ContentView.swift */; };
		242D0D2125800BA20084CE4E /* Assets.xcassets in Resources */ = {isa = PBXBuildFile; fileRef = 242D0D2025800BA20084CE4E /* Assets.xcassets */; };
		242D0D2425800BA20084CE4E /* Preview Assets.xcassets in Resources */ = {isa = PBXBuildFile; fileRef = 242D0D2325800BA20084CE4E /* Preview Assets.xcassets */; };
		242D0D5F25800C830084CE4E /* Networking in Frameworks */ = {isa = PBXBuildFile; productRef = 242D0D5E25800C830084CE4E /* Networking */; };
		242D0D62258028490084CE4E /* TodoModel.swift in Sources */ = {isa = PBXBuildFile; fileRef = 242D0D61258028490084CE4E /* TodoModel.swift */; };
		242D0D662580288D0084CE4E /* Networking+Additions.swift in Sources */ = {isa = PBXBuildFile; fileRef = 242D0D652580288D0084CE4E /* Networking+Additions.swift */; };
		242D0D6A258028E90084CE4E /* TodoService.swift in Sources */ = {isa = PBXBuildFile; fileRef = 242D0D69258028E90084CE4E /* TodoService.swift */; };
		242D0D6D258029220084CE4E /* NetworkingService+Additions.swift in Sources */ = {isa = PBXBuildFile; fileRef = 242D0D6C258029220084CE4E /* NetworkingService+Additions.swift */; };
		242D0D72258029C70084CE4E /* ContentViewModel.swift in Sources */ = {isa = PBXBuildFile; fileRef = 242D0D71258029C70084CE4E /* ContentViewModel.swift */; };
		249B7D48268A1AEB004F4F88 /* NetworkingExampleMacOSApp.swift in Sources */ = {isa = PBXBuildFile; fileRef = 249B7D47268A1AEB004F4F88 /* NetworkingExampleMacOSApp.swift */; };
		249B7D4C268A1AEC004F4F88 /* Assets.xcassets in Resources */ = {isa = PBXBuildFile; fileRef = 249B7D4B268A1AEC004F4F88 /* Assets.xcassets */; };
		249B7D4F268A1AEC004F4F88 /* Preview Assets.xcassets in Resources */ = {isa = PBXBuildFile; fileRef = 249B7D4E268A1AEC004F4F88 /* Preview Assets.xcassets */; };
		249B7D55268A1B0C004F4F88 /* ContentView.swift in Sources */ = {isa = PBXBuildFile; fileRef = 242D0D1E25800BA20084CE4E /* ContentView.swift */; };
		249B7D57268A1B12004F4F88 /* ContentViewModel.swift in Sources */ = {isa = PBXBuildFile; fileRef = 242D0D71258029C70084CE4E /* ContentViewModel.swift */; };
		249B7D58268A1B1C004F4F88 /* ServiceBase.swift in Sources */ = {isa = PBXBuildFile; fileRef = 24C8067625842E6B005507CC /* ServiceBase.swift */; };
		249B7D59268A1B1C004F4F88 /* TodoService.swift in Sources */ = {isa = PBXBuildFile; fileRef = 242D0D69258028E90084CE4E /* TodoService.swift */; };
		249B7D5A268A1B1C004F4F88 /* TodoModel.swift in Sources */ = {isa = PBXBuildFile; fileRef = 242D0D61258028490084CE4E /* TodoModel.swift */; };
		249B7D5B268A1B20004F4F88 /* Networking+Additions.swift in Sources */ = {isa = PBXBuildFile; fileRef = 242D0D652580288D0084CE4E /* Networking+Additions.swift */; };
		249B7D5C268A1B20004F4F88 /* NetworkingService+Additions.swift in Sources */ = {isa = PBXBuildFile; fileRef = 242D0D6C258029220084CE4E /* NetworkingService+Additions.swift */; };
		249B7D5E268A1B34004F4F88 /* Networking in Frameworks */ = {isa = PBXBuildFile; productRef = 249B7D5D268A1B34004F4F88 /* Networking */; };
		249B7D98268A1D05004F4F88 /* NetworkingExampleTvOSApp.swift in Sources */ = {isa = PBXBuildFile; fileRef = 249B7D97268A1D05004F4F88 /* NetworkingExampleTvOSApp.swift */; };
		249B7D9C268A1D07004F4F88 /* Assets.xcassets in Resources */ = {isa = PBXBuildFile; fileRef = 249B7D9B268A1D07004F4F88 /* Assets.xcassets */; };
		249B7D9F268A1D07004F4F88 /* Preview Assets.xcassets in Resources */ = {isa = PBXBuildFile; fileRef = 249B7D9E268A1D07004F4F88 /* Preview Assets.xcassets */; };
		249B7DA4268A1D11004F4F88 /* ContentViewModel.swift in Sources */ = {isa = PBXBuildFile; fileRef = 242D0D71258029C70084CE4E /* ContentViewModel.swift */; };
		249B7DA5268A1D11004F4F88 /* TodoModel.swift in Sources */ = {isa = PBXBuildFile; fileRef = 242D0D61258028490084CE4E /* TodoModel.swift */; };
		249B7DA6268A1D11004F4F88 /* ContentView.swift in Sources */ = {isa = PBXBuildFile; fileRef = 242D0D1E25800BA20084CE4E /* ContentView.swift */; };
		249B7DA8268A1D11004F4F88 /* Networking+Additions.swift in Sources */ = {isa = PBXBuildFile; fileRef = 242D0D652580288D0084CE4E /* Networking+Additions.swift */; };
		249B7DA9268A1D11004F4F88 /* ServiceBase.swift in Sources */ = {isa = PBXBuildFile; fileRef = 24C8067625842E6B005507CC /* ServiceBase.swift */; };
		249B7DAA268A1D11004F4F88 /* NetworkingService+Additions.swift in Sources */ = {isa = PBXBuildFile; fileRef = 242D0D6C258029220084CE4E /* NetworkingService+Additions.swift */; };
		249B7DAB268A1D11004F4F88 /* TodoService.swift in Sources */ = {isa = PBXBuildFile; fileRef = 242D0D69258028E90084CE4E /* TodoService.swift */; };
		249B7DAD268A1D50004F4F88 /* Networking in Frameworks */ = {isa = PBXBuildFile; productRef = 249B7DAC268A1D50004F4F88 /* Networking */; };
		249B7DB4268A1F28004F4F88 /* NetworkingExampleWatchOS WatchKit App.app in Embed Watch Content */ = {isa = PBXBuildFile; fileRef = 249B7DB3268A1F28004F4F88 /* NetworkingExampleWatchOS WatchKit App.app */; settings = {ATTRIBUTES = (RemoveHeadersOnCopy, ); }; };
		249B7DB9268A1F2A004F4F88 /* Assets.xcassets in Resources */ = {isa = PBXBuildFile; fileRef = 249B7DB8268A1F2A004F4F88 /* Assets.xcassets */; };
		249B7DC0268A1F2A004F4F88 /* NetworkingExampleWatchOS WatchKit Extension.appex in Embed App Extensions */ = {isa = PBXBuildFile; fileRef = 249B7DBF268A1F2A004F4F88 /* NetworkingExampleWatchOS WatchKit Extension.appex */; settings = {ATTRIBUTES = (RemoveHeadersOnCopy, ); }; };
		249B7DC7268A1F2A004F4F88 /* NetworkingExampleApp.swift in Sources */ = {isa = PBXBuildFile; fileRef = 249B7DC6268A1F2A004F4F88 /* NetworkingExampleApp.swift */; };
		249B7DC9268A1F2A004F4F88 /* ComplicationController.swift in Sources */ = {isa = PBXBuildFile; fileRef = 249B7DC8268A1F2A004F4F88 /* ComplicationController.swift */; };
		249B7DCB268A1F2B004F4F88 /* Assets.xcassets in Resources */ = {isa = PBXBuildFile; fileRef = 249B7DCA268A1F2B004F4F88 /* Assets.xcassets */; };
		249B7DCE268A1F2B004F4F88 /* Preview Assets.xcassets in Resources */ = {isa = PBXBuildFile; fileRef = 249B7DCD268A1F2B004F4F88 /* Preview Assets.xcassets */; };
		249B7DDB268A1F6A004F4F88 /* Networking+Additions.swift in Sources */ = {isa = PBXBuildFile; fileRef = 242D0D652580288D0084CE4E /* Networking+Additions.swift */; };
		249B7DDC268A1F6A004F4F88 /* TodoService.swift in Sources */ = {isa = PBXBuildFile; fileRef = 242D0D69258028E90084CE4E /* TodoService.swift */; };
		249B7DDE268A1F6A004F4F88 /* ContentViewModel.swift in Sources */ = {isa = PBXBuildFile; fileRef = 242D0D71258029C70084CE4E /* ContentViewModel.swift */; };
		249B7DDF268A1F6A004F4F88 /* NetworkingService+Additions.swift in Sources */ = {isa = PBXBuildFile; fileRef = 242D0D6C258029220084CE4E /* NetworkingService+Additions.swift */; };
		249B7DE0268A1F6A004F4F88 /* ServiceBase.swift in Sources */ = {isa = PBXBuildFile; fileRef = 24C8067625842E6B005507CC /* ServiceBase.swift */; };
		249B7DE1268A1F6A004F4F88 /* TodoModel.swift in Sources */ = {isa = PBXBuildFile; fileRef = 242D0D61258028490084CE4E /* TodoModel.swift */; };
		249B7DE2268A1F6A004F4F88 /* ContentView.swift in Sources */ = {isa = PBXBuildFile; fileRef = 242D0D1E25800BA20084CE4E /* ContentView.swift */; };
		249B7DE4268A1F7A004F4F88 /* Networking in Frameworks */ = {isa = PBXBuildFile; productRef = 249B7DE3268A1F7A004F4F88 /* Networking */; };
		24C8067725842E6B005507CC /* ServiceBase.swift in Sources */ = {isa = PBXBuildFile; fileRef = 24C8067625842E6B005507CC /* ServiceBase.swift */; };
/* End PBXBuildFile section */

/* Begin PBXContainerItemProxy section */
		249B7DB5268A1F28004F4F88 /* PBXContainerItemProxy */ = {
			isa = PBXContainerItemProxy;
			containerPortal = 242D0D1125800BA20084CE4E /* Project object */;
			proxyType = 1;
			remoteGlobalIDString = 249B7DB2268A1F28004F4F88;
			remoteInfo = "NetworkingExampleWatchOS WatchKit App";
		};
		249B7DC1268A1F2A004F4F88 /* PBXContainerItemProxy */ = {
			isa = PBXContainerItemProxy;
			containerPortal = 242D0D1125800BA20084CE4E /* Project object */;
			proxyType = 1;
			remoteGlobalIDString = 249B7DBE268A1F2A004F4F88;
			remoteInfo = "NetworkingExampleWatchOS WatchKit Extension";
		};
/* End PBXContainerItemProxy section */

/* Begin PBXCopyFilesBuildPhase section */
		249B7DD3268A1F2B004F4F88 /* Embed App Extensions */ = {
			isa = PBXCopyFilesBuildPhase;
			buildActionMask = 2147483647;
			dstPath = "";
			dstSubfolderSpec = 13;
			files = (
				249B7DC0268A1F2A004F4F88 /* NetworkingExampleWatchOS WatchKit Extension.appex in Embed App Extensions */,
			);
			name = "Embed App Extensions";
			runOnlyForDeploymentPostprocessing = 0;
		};
		249B7DD7268A1F2B004F4F88 /* Embed Watch Content */ = {
			isa = PBXCopyFilesBuildPhase;
			buildActionMask = 2147483647;
			dstPath = "$(CONTENTS_FOLDER_PATH)/Watch";
			dstSubfolderSpec = 16;
			files = (
				249B7DB4268A1F28004F4F88 /* NetworkingExampleWatchOS WatchKit App.app in Embed Watch Content */,
			);
			name = "Embed Watch Content";
			runOnlyForDeploymentPostprocessing = 0;
		};
/* End PBXCopyFilesBuildPhase section */

/* Begin PBXFileReference section */
		242D0D1925800BA20084CE4E /* NetworkingExampleIOS.app */ = {isa = PBXFileReference; explicitFileType = wrapper.application; includeInIndex = 0; path = NetworkingExampleIOS.app; sourceTree = BUILT_PRODUCTS_DIR; };
		242D0D1C25800BA20084CE4E /* NetworkingExampleApp.swift */ = {isa = PBXFileReference; lastKnownFileType = sourcecode.swift; path = NetworkingExampleApp.swift; sourceTree = "<group>"; };
		242D0D1E25800BA20084CE4E /* ContentView.swift */ = {isa = PBXFileReference; lastKnownFileType = sourcecode.swift; path = ContentView.swift; sourceTree = "<group>"; };
		242D0D2025800BA20084CE4E /* Assets.xcassets */ = {isa = PBXFileReference; lastKnownFileType = folder.assetcatalog; path = Assets.xcassets; sourceTree = "<group>"; };
		242D0D2325800BA20084CE4E /* Preview Assets.xcassets */ = {isa = PBXFileReference; lastKnownFileType = folder.assetcatalog; path = "Preview Assets.xcassets"; sourceTree = "<group>"; };
		242D0D2525800BA20084CE4E /* Info.plist */ = {isa = PBXFileReference; lastKnownFileType = text.plist.xml; path = Info.plist; sourceTree = "<group>"; };
		242D0D5A25800C0B0084CE4E /* Networking */ = {isa = PBXFileReference; lastKnownFileType = folder; name = Networking; path = ..; sourceTree = "<group>"; };
		242D0D61258028490084CE4E /* TodoModel.swift */ = {isa = PBXFileReference; lastKnownFileType = sourcecode.swift; path = TodoModel.swift; sourceTree = "<group>"; };
		242D0D652580288D0084CE4E /* Networking+Additions.swift */ = {isa = PBXFileReference; lastKnownFileType = sourcecode.swift; path = "Networking+Additions.swift"; sourceTree = "<group>"; };
		242D0D69258028E90084CE4E /* TodoService.swift */ = {isa = PBXFileReference; lastKnownFileType = sourcecode.swift; path = TodoService.swift; sourceTree = "<group>"; };
		242D0D6C258029220084CE4E /* NetworkingService+Additions.swift */ = {isa = PBXFileReference; lastKnownFileType = sourcecode.swift; path = "NetworkingService+Additions.swift"; sourceTree = "<group>"; };
		242D0D71258029C70084CE4E /* ContentViewModel.swift */ = {isa = PBXFileReference; lastKnownFileType = sourcecode.swift; path = ContentViewModel.swift; sourceTree = "<group>"; };
		249B7D45268A1AEB004F4F88 /* NetworkingExampleMacOS.app */ = {isa = PBXFileReference; explicitFileType = wrapper.application; includeInIndex = 0; path = NetworkingExampleMacOS.app; sourceTree = BUILT_PRODUCTS_DIR; };
		249B7D47268A1AEB004F4F88 /* NetworkingExampleMacOSApp.swift */ = {isa = PBXFileReference; lastKnownFileType = sourcecode.swift; path = NetworkingExampleMacOSApp.swift; sourceTree = "<group>"; };
		249B7D4B268A1AEC004F4F88 /* Assets.xcassets */ = {isa = PBXFileReference; lastKnownFileType = folder.assetcatalog; path = Assets.xcassets; sourceTree = "<group>"; };
		249B7D4E268A1AEC004F4F88 /* Preview Assets.xcassets */ = {isa = PBXFileReference; lastKnownFileType = folder.assetcatalog; path = "Preview Assets.xcassets"; sourceTree = "<group>"; };
		249B7D50268A1AEC004F4F88 /* Info.plist */ = {isa = PBXFileReference; lastKnownFileType = text.plist.xml; path = Info.plist; sourceTree = "<group>"; };
		249B7D51268A1AEC004F4F88 /* NetworkingExampleMacOS.entitlements */ = {isa = PBXFileReference; lastKnownFileType = text.plist.entitlements; path = NetworkingExampleMacOS.entitlements; sourceTree = "<group>"; };
		249B7D95268A1D05004F4F88 /* NetworkingExampleTvOS.app */ = {isa = PBXFileReference; explicitFileType = wrapper.application; includeInIndex = 0; path = NetworkingExampleTvOS.app; sourceTree = BUILT_PRODUCTS_DIR; };
		249B7D97268A1D05004F4F88 /* NetworkingExampleTvOSApp.swift */ = {isa = PBXFileReference; lastKnownFileType = sourcecode.swift; path = NetworkingExampleTvOSApp.swift; sourceTree = "<group>"; };
		249B7D9B268A1D07004F4F88 /* Assets.xcassets */ = {isa = PBXFileReference; lastKnownFileType = folder.assetcatalog; path = Assets.xcassets; sourceTree = "<group>"; };
		249B7D9E268A1D07004F4F88 /* Preview Assets.xcassets */ = {isa = PBXFileReference; lastKnownFileType = folder.assetcatalog; path = "Preview Assets.xcassets"; sourceTree = "<group>"; };
		249B7DA0268A1D07004F4F88 /* Info.plist */ = {isa = PBXFileReference; lastKnownFileType = text.plist.xml; path = Info.plist; sourceTree = "<group>"; };
		249B7DB0268A1F28004F4F88 /* NetworkingExampleWatchOS.app */ = {isa = PBXFileReference; explicitFileType = wrapper.application; includeInIndex = 0; path = NetworkingExampleWatchOS.app; sourceTree = BUILT_PRODUCTS_DIR; };
		249B7DB3268A1F28004F4F88 /* NetworkingExampleWatchOS WatchKit App.app */ = {isa = PBXFileReference; explicitFileType = wrapper.application; includeInIndex = 0; path = "NetworkingExampleWatchOS WatchKit App.app"; sourceTree = BUILT_PRODUCTS_DIR; };
		249B7DB8268A1F2A004F4F88 /* Assets.xcassets */ = {isa = PBXFileReference; lastKnownFileType = folder.assetcatalog; path = Assets.xcassets; sourceTree = "<group>"; };
		249B7DBA268A1F2A004F4F88 /* Info.plist */ = {isa = PBXFileReference; lastKnownFileType = text.plist.xml; path = Info.plist; sourceTree = "<group>"; };
		249B7DBF268A1F2A004F4F88 /* NetworkingExampleWatchOS WatchKit Extension.appex */ = {isa = PBXFileReference; explicitFileType = "wrapper.app-extension"; includeInIndex = 0; path = "NetworkingExampleWatchOS WatchKit Extension.appex"; sourceTree = BUILT_PRODUCTS_DIR; };
		249B7DC6268A1F2A004F4F88 /* NetworkingExampleApp.swift */ = {isa = PBXFileReference; lastKnownFileType = sourcecode.swift; path = NetworkingExampleApp.swift; sourceTree = "<group>"; };
		249B7DC8268A1F2A004F4F88 /* ComplicationController.swift */ = {isa = PBXFileReference; lastKnownFileType = sourcecode.swift; path = ComplicationController.swift; sourceTree = "<group>"; };
		249B7DCA268A1F2B004F4F88 /* Assets.xcassets */ = {isa = PBXFileReference; lastKnownFileType = folder.assetcatalog; path = Assets.xcassets; sourceTree = "<group>"; };
		249B7DCD268A1F2B004F4F88 /* Preview Assets.xcassets */ = {isa = PBXFileReference; lastKnownFileType = folder.assetcatalog; path = "Preview Assets.xcassets"; sourceTree = "<group>"; };
		249B7DCF268A1F2B004F4F88 /* Info.plist */ = {isa = PBXFileReference; lastKnownFileType = text.plist.xml; path = Info.plist; sourceTree = "<group>"; };
		24C8067625842E6B005507CC /* ServiceBase.swift */ = {isa = PBXFileReference; lastKnownFileType = sourcecode.swift; path = ServiceBase.swift; sourceTree = "<group>"; };
/* End PBXFileReference section */

/* Begin PBXFrameworksBuildPhase section */
		242D0D1625800BA20084CE4E /* Frameworks */ = {
			isa = PBXFrameworksBuildPhase;
			buildActionMask = 2147483647;
			files = (
				242D0D5F25800C830084CE4E /* Networking in Frameworks */,
			);
			runOnlyForDeploymentPostprocessing = 0;
		};
		249B7D42268A1AEB004F4F88 /* Frameworks */ = {
			isa = PBXFrameworksBuildPhase;
			buildActionMask = 2147483647;
			files = (
				249B7D5E268A1B34004F4F88 /* Networking in Frameworks */,
			);
			runOnlyForDeploymentPostprocessing = 0;
		};
		249B7D92268A1D05004F4F88 /* Frameworks */ = {
			isa = PBXFrameworksBuildPhase;
			buildActionMask = 2147483647;
			files = (
				249B7DAD268A1D50004F4F88 /* Networking in Frameworks */,
			);
			runOnlyForDeploymentPostprocessing = 0;
		};
		249B7DBC268A1F2A004F4F88 /* Frameworks */ = {
			isa = PBXFrameworksBuildPhase;
			buildActionMask = 2147483647;
			files = (
				249B7DE4268A1F7A004F4F88 /* Networking in Frameworks */,
			);
			runOnlyForDeploymentPostprocessing = 0;
		};
/* End PBXFrameworksBuildPhase section */

/* Begin PBXGroup section */
		242D0D1025800BA20084CE4E = {
			isa = PBXGroup;
			children = (
				242D0D5A25800C0B0084CE4E /* Networking */,
				242D0D1B25800BA20084CE4E /* NetworkingExample */,
				249B7D46268A1AEB004F4F88 /* NetworkingExampleMacOS */,
				249B7D96268A1D05004F4F88 /* NetworkingExampleTvOS */,
				249B7DB7268A1F28004F4F88 /* NetworkingExampleWatchOS WatchKit App */,
				249B7DC3268A1F2A004F4F88 /* NetworkingExampleWatchOS WatchKit Extension */,
				242D0D1A25800BA20084CE4E /* Products */,
				242D0D5D25800C830084CE4E /* Frameworks */,
			);
			sourceTree = "<group>";
		};
		242D0D1A25800BA20084CE4E /* Products */ = {
			isa = PBXGroup;
			children = (
				242D0D1925800BA20084CE4E /* NetworkingExampleIOS.app */,
				249B7D45268A1AEB004F4F88 /* NetworkingExampleMacOS.app */,
				249B7D95268A1D05004F4F88 /* NetworkingExampleTvOS.app */,
				249B7DB0268A1F28004F4F88 /* NetworkingExampleWatchOS.app */,
				249B7DB3268A1F28004F4F88 /* NetworkingExampleWatchOS WatchKit App.app */,
				249B7DBF268A1F2A004F4F88 /* NetworkingExampleWatchOS WatchKit Extension.appex */,
			);
			name = Products;
			sourceTree = "<group>";
		};
		242D0D1B25800BA20084CE4E /* NetworkingExample */ = {
			isa = PBXGroup;
			children = (
				242D0D70258029AA0084CE4E /* Extension */,
				242D0D64258028620084CE4E /* Service */,
				242D0D1C25800BA20084CE4E /* NetworkingExampleApp.swift */,
				242D0D1E25800BA20084CE4E /* ContentView.swift */,
				242D0D71258029C70084CE4E /* ContentViewModel.swift */,
				242D0D2025800BA20084CE4E /* Assets.xcassets */,
				242D0D2525800BA20084CE4E /* Info.plist */,
				242D0D2225800BA20084CE4E /* Preview Content */,
			);
			path = NetworkingExample;
			sourceTree = "<group>";
		};
		242D0D2225800BA20084CE4E /* Preview Content */ = {
			isa = PBXGroup;
			children = (
				242D0D2325800BA20084CE4E /* Preview Assets.xcassets */,
			);
			path = "Preview Content";
			sourceTree = "<group>";
		};
		242D0D5D25800C830084CE4E /* Frameworks */ = {
			isa = PBXGroup;
			children = (
			);
			name = Frameworks;
			sourceTree = "<group>";
		};
		242D0D64258028620084CE4E /* Service */ = {
			isa = PBXGroup;
			children = (
				242D0D61258028490084CE4E /* TodoModel.swift */,
				242D0D69258028E90084CE4E /* TodoService.swift */,
				24C8067625842E6B005507CC /* ServiceBase.swift */,
			);
			path = Service;
			sourceTree = "<group>";
		};
		242D0D70258029AA0084CE4E /* Extension */ = {
			isa = PBXGroup;
			children = (
				242D0D652580288D0084CE4E /* Networking+Additions.swift */,
				242D0D6C258029220084CE4E /* NetworkingService+Additions.swift */,
			);
			path = Extension;
			sourceTree = "<group>";
		};
		249B7D46268A1AEB004F4F88 /* NetworkingExampleMacOS */ = {
			isa = PBXGroup;
			children = (
				249B7D47268A1AEB004F4F88 /* NetworkingExampleMacOSApp.swift */,
				249B7D4B268A1AEC004F4F88 /* Assets.xcassets */,
				249B7D50268A1AEC004F4F88 /* Info.plist */,
				249B7D51268A1AEC004F4F88 /* NetworkingExampleMacOS.entitlements */,
				249B7D4D268A1AEC004F4F88 /* Preview Content */,
			);
			path = NetworkingExampleMacOS;
			sourceTree = "<group>";
		};
		249B7D4D268A1AEC004F4F88 /* Preview Content */ = {
			isa = PBXGroup;
			children = (
				249B7D4E268A1AEC004F4F88 /* Preview Assets.xcassets */,
			);
			path = "Preview Content";
			sourceTree = "<group>";
		};
		249B7D96268A1D05004F4F88 /* NetworkingExampleTvOS */ = {
			isa = PBXGroup;
			children = (
				249B7D97268A1D05004F4F88 /* NetworkingExampleTvOSApp.swift */,
				249B7D9B268A1D07004F4F88 /* Assets.xcassets */,
				249B7DA0268A1D07004F4F88 /* Info.plist */,
				249B7D9D268A1D07004F4F88 /* Preview Content */,
			);
			path = NetworkingExampleTvOS;
			sourceTree = "<group>";
		};
		249B7D9D268A1D07004F4F88 /* Preview Content */ = {
			isa = PBXGroup;
			children = (
				249B7D9E268A1D07004F4F88 /* Preview Assets.xcassets */,
			);
			path = "Preview Content";
			sourceTree = "<group>";
		};
		249B7DB7268A1F28004F4F88 /* NetworkingExampleWatchOS WatchKit App */ = {
			isa = PBXGroup;
			children = (
				249B7DB8268A1F2A004F4F88 /* Assets.xcassets */,
				249B7DBA268A1F2A004F4F88 /* Info.plist */,
			);
			path = "NetworkingExampleWatchOS WatchKit App";
			sourceTree = "<group>";
		};
		249B7DC3268A1F2A004F4F88 /* NetworkingExampleWatchOS WatchKit Extension */ = {
			isa = PBXGroup;
			children = (
				249B7DC6268A1F2A004F4F88 /* NetworkingExampleApp.swift */,
				249B7DC8268A1F2A004F4F88 /* ComplicationController.swift */,
				249B7DCA268A1F2B004F4F88 /* Assets.xcassets */,
				249B7DCF268A1F2B004F4F88 /* Info.plist */,
				249B7DCC268A1F2B004F4F88 /* Preview Content */,
			);
			path = "NetworkingExampleWatchOS WatchKit Extension";
			sourceTree = "<group>";
		};
		249B7DCC268A1F2B004F4F88 /* Preview Content */ = {
			isa = PBXGroup;
			children = (
				249B7DCD268A1F2B004F4F88 /* Preview Assets.xcassets */,
			);
			path = "Preview Content";
			sourceTree = "<group>";
		};
/* End PBXGroup section */

/* Begin PBXNativeTarget section */
		242D0D1825800BA20084CE4E /* NetworkingExampleIOS */ = {
			isa = PBXNativeTarget;
			buildConfigurationList = 242D0D2825800BA20084CE4E /* Build configuration list for PBXNativeTarget "NetworkingExampleIOS" */;
			buildPhases = (
				242D0D1525800BA20084CE4E /* Sources */,
				242D0D1625800BA20084CE4E /* Frameworks */,
				242D0D1725800BA20084CE4E /* Resources */,
			);
			buildRules = (
			);
			dependencies = (
			);
			name = NetworkingExampleIOS;
			packageProductDependencies = (
				242D0D5E25800C830084CE4E /* Networking */,
			);
			productName = NetworkingExample;
			productReference = 242D0D1925800BA20084CE4E /* NetworkingExampleIOS.app */;
			productType = "com.apple.product-type.application";
		};
		249B7D44268A1AEB004F4F88 /* NetworkingExampleMacOS */ = {
			isa = PBXNativeTarget;
			buildConfigurationList = 249B7D54268A1AEC004F4F88 /* Build configuration list for PBXNativeTarget "NetworkingExampleMacOS" */;
			buildPhases = (
				249B7D41268A1AEB004F4F88 /* Sources */,
				249B7D42268A1AEB004F4F88 /* Frameworks */,
				249B7D43268A1AEB004F4F88 /* Resources */,
			);
			buildRules = (
			);
			dependencies = (
			);
			name = NetworkingExampleMacOS;
			packageProductDependencies = (
				249B7D5D268A1B34004F4F88 /* Networking */,
			);
			productName = NetworkingExampleMacOS;
			productReference = 249B7D45268A1AEB004F4F88 /* NetworkingExampleMacOS.app */;
			productType = "com.apple.product-type.application";
		};
		249B7D94268A1D05004F4F88 /* NetworkingExampleTvOS */ = {
			isa = PBXNativeTarget;
			buildConfigurationList = 249B7DA1268A1D07004F4F88 /* Build configuration list for PBXNativeTarget "NetworkingExampleTvOS" */;
			buildPhases = (
				249B7D91268A1D05004F4F88 /* Sources */,
				249B7D92268A1D05004F4F88 /* Frameworks */,
				249B7D93268A1D05004F4F88 /* Resources */,
			);
			buildRules = (
			);
			dependencies = (
			);
			name = NetworkingExampleTvOS;
			packageProductDependencies = (
				249B7DAC268A1D50004F4F88 /* Networking */,
			);
			productName = NetworkingExampleTvOS;
			productReference = 249B7D95268A1D05004F4F88 /* NetworkingExampleTvOS.app */;
			productType = "com.apple.product-type.application";
		};
		249B7DAF268A1F28004F4F88 /* NetworkingExampleWatchOS */ = {
			isa = PBXNativeTarget;
			buildConfigurationList = 249B7DD8268A1F2B004F4F88 /* Build configuration list for PBXNativeTarget "NetworkingExampleWatchOS" */;
			buildPhases = (
				249B7DAE268A1F28004F4F88 /* Resources */,
				249B7DD7268A1F2B004F4F88 /* Embed Watch Content */,
			);
			buildRules = (
			);
			dependencies = (
				249B7DB6268A1F28004F4F88 /* PBXTargetDependency */,
			);
			name = NetworkingExampleWatchOS;
			productName = NetworkingExampleWatchOS;
			productReference = 249B7DB0268A1F28004F4F88 /* NetworkingExampleWatchOS.app */;
			productType = "com.apple.product-type.application.watchapp2-container";
		};
		249B7DB2268A1F28004F4F88 /* NetworkingExampleWatchOS WatchKit App */ = {
			isa = PBXNativeTarget;
			buildConfigurationList = 249B7DD4268A1F2B004F4F88 /* Build configuration list for PBXNativeTarget "NetworkingExampleWatchOS WatchKit App" */;
			buildPhases = (
				249B7DB1268A1F28004F4F88 /* Resources */,
				249B7DD3268A1F2B004F4F88 /* Embed App Extensions */,
			);
			buildRules = (
			);
			dependencies = (
				249B7DC2268A1F2A004F4F88 /* PBXTargetDependency */,
			);
			name = "NetworkingExampleWatchOS WatchKit App";
			productName = "NetworkingExampleWatchOS WatchKit App";
			productReference = 249B7DB3268A1F28004F4F88 /* NetworkingExampleWatchOS WatchKit App.app */;
			productType = "com.apple.product-type.application.watchapp2";
		};
		249B7DBE268A1F2A004F4F88 /* NetworkingExampleWatchOS WatchKit Extension */ = {
			isa = PBXNativeTarget;
			buildConfigurationList = 249B7DD0268A1F2B004F4F88 /* Build configuration list for PBXNativeTarget "NetworkingExampleWatchOS WatchKit Extension" */;
			buildPhases = (
				249B7DBB268A1F2A004F4F88 /* Sources */,
				249B7DBC268A1F2A004F4F88 /* Frameworks */,
				249B7DBD268A1F2A004F4F88 /* Resources */,
			);
			buildRules = (
			);
			dependencies = (
			);
			name = "NetworkingExampleWatchOS WatchKit Extension";
			packageProductDependencies = (
				249B7DE3268A1F7A004F4F88 /* Networking */,
			);
			productName = "NetworkingExampleWatchOS WatchKit Extension";
			productReference = 249B7DBF268A1F2A004F4F88 /* NetworkingExampleWatchOS WatchKit Extension.appex */;
			productType = "com.apple.product-type.watchkit2-extension";
		};
/* End PBXNativeTarget section */

/* Begin PBXProject section */
		242D0D1125800BA20084CE4E /* Project object */ = {
			isa = PBXProject;
			attributes = {
				LastSwiftUpdateCheck = 1250;
				LastUpgradeCheck = 1220;
				TargetAttributes = {
					242D0D1825800BA20084CE4E = {
						CreatedOnToolsVersion = 12.2;
					};
					249B7D44268A1AEB004F4F88 = {
						CreatedOnToolsVersion = 12.5.1;
					};
					249B7D94268A1D05004F4F88 = {
						CreatedOnToolsVersion = 12.5.1;
					};
					249B7DAF268A1F28004F4F88 = {
						CreatedOnToolsVersion = 12.5.1;
					};
					249B7DB2268A1F28004F4F88 = {
						CreatedOnToolsVersion = 12.5.1;
					};
					249B7DBE268A1F2A004F4F88 = {
						CreatedOnToolsVersion = 12.5.1;
					};
				};
			};
			buildConfigurationList = 242D0D1425800BA20084CE4E /* Build configuration list for PBXProject "NetworkingExample" */;
			compatibilityVersion = "Xcode 9.3";
			developmentRegion = en;
			hasScannedForEncodings = 0;
			knownRegions = (
				en,
				Base,
			);
			mainGroup = 242D0D1025800BA20084CE4E;
			productRefGroup = 242D0D1A25800BA20084CE4E /* Products */;
			projectDirPath = "";
			projectRoot = "";
			targets = (
				242D0D1825800BA20084CE4E /* NetworkingExampleIOS */,
				249B7D44268A1AEB004F4F88 /* NetworkingExampleMacOS */,
				249B7D94268A1D05004F4F88 /* NetworkingExampleTvOS */,
				249B7DAF268A1F28004F4F88 /* NetworkingExampleWatchOS */,
				249B7DB2268A1F28004F4F88 /* NetworkingExampleWatchOS WatchKit App */,
				249B7DBE268A1F2A004F4F88 /* NetworkingExampleWatchOS WatchKit Extension */,
			);
		};
/* End PBXProject section */

/* Begin PBXResourcesBuildPhase section */
		242D0D1725800BA20084CE4E /* Resources */ = {
			isa = PBXResourcesBuildPhase;
			buildActionMask = 2147483647;
			files = (
				242D0D2425800BA20084CE4E /* Preview Assets.xcassets in Resources */,
				242D0D2125800BA20084CE4E /* Assets.xcassets in Resources */,
			);
			runOnlyForDeploymentPostprocessing = 0;
		};
		249B7D43268A1AEB004F4F88 /* Resources */ = {
			isa = PBXResourcesBuildPhase;
			buildActionMask = 2147483647;
			files = (
				249B7D4F268A1AEC004F4F88 /* Preview Assets.xcassets in Resources */,
				249B7D4C268A1AEC004F4F88 /* Assets.xcassets in Resources */,
			);
			runOnlyForDeploymentPostprocessing = 0;
		};
		249B7D93268A1D05004F4F88 /* Resources */ = {
			isa = PBXResourcesBuildPhase;
			buildActionMask = 2147483647;
			files = (
				249B7D9F268A1D07004F4F88 /* Preview Assets.xcassets in Resources */,
				249B7D9C268A1D07004F4F88 /* Assets.xcassets in Resources */,
			);
			runOnlyForDeploymentPostprocessing = 0;
		};
		249B7DAE268A1F28004F4F88 /* Resources */ = {
			isa = PBXResourcesBuildPhase;
			buildActionMask = 2147483647;
			files = (
			);
			runOnlyForDeploymentPostprocessing = 0;
		};
		249B7DB1268A1F28004F4F88 /* Resources */ = {
			isa = PBXResourcesBuildPhase;
			buildActionMask = 2147483647;
			files = (
				249B7DB9268A1F2A004F4F88 /* Assets.xcassets in Resources */,
			);
			runOnlyForDeploymentPostprocessing = 0;
		};
		249B7DBD268A1F2A004F4F88 /* Resources */ = {
			isa = PBXResourcesBuildPhase;
			buildActionMask = 2147483647;
			files = (
				249B7DCE268A1F2B004F4F88 /* Preview Assets.xcassets in Resources */,
				249B7DCB268A1F2B004F4F88 /* Assets.xcassets in Resources */,
			);
			runOnlyForDeploymentPostprocessing = 0;
		};
/* End PBXResourcesBuildPhase section */

/* Begin PBXSourcesBuildPhase section */
		242D0D1525800BA20084CE4E /* Sources */ = {
			isa = PBXSourcesBuildPhase;
			buildActionMask = 2147483647;
			files = (
				24C8067725842E6B005507CC /* ServiceBase.swift in Sources */,
				242D0D662580288D0084CE4E /* Networking+Additions.swift in Sources */,
				242D0D6D258029220084CE4E /* NetworkingService+Additions.swift in Sources */,
				242D0D62258028490084CE4E /* TodoModel.swift in Sources */,
				242D0D72258029C70084CE4E /* ContentViewModel.swift in Sources */,
				242D0D1F25800BA20084CE4E /* ContentView.swift in Sources */,
				242D0D6A258028E90084CE4E /* TodoService.swift in Sources */,
				242D0D1D25800BA20084CE4E /* NetworkingExampleApp.swift in Sources */,
			);
			runOnlyForDeploymentPostprocessing = 0;
		};
		249B7D41268A1AEB004F4F88 /* Sources */ = {
			isa = PBXSourcesBuildPhase;
			buildActionMask = 2147483647;
			files = (
				249B7D58268A1B1C004F4F88 /* ServiceBase.swift in Sources */,
				249B7D57268A1B12004F4F88 /* ContentViewModel.swift in Sources */,
				249B7D55268A1B0C004F4F88 /* ContentView.swift in Sources */,
				249B7D5B268A1B20004F4F88 /* Networking+Additions.swift in Sources */,
				249B7D5A268A1B1C004F4F88 /* TodoModel.swift in Sources */,
				249B7D5C268A1B20004F4F88 /* NetworkingService+Additions.swift in Sources */,
				249B7D59268A1B1C004F4F88 /* TodoService.swift in Sources */,
				249B7D48268A1AEB004F4F88 /* NetworkingExampleMacOSApp.swift in Sources */,
			);
			runOnlyForDeploymentPostprocessing = 0;
		};
		249B7D91268A1D05004F4F88 /* Sources */ = {
			isa = PBXSourcesBuildPhase;
			buildActionMask = 2147483647;
			files = (
				249B7DA9268A1D11004F4F88 /* ServiceBase.swift in Sources */,
				249B7DAB268A1D11004F4F88 /* TodoService.swift in Sources */,
				249B7DA6268A1D11004F4F88 /* ContentView.swift in Sources */,
				249B7DA8268A1D11004F4F88 /* Networking+Additions.swift in Sources */,
				249B7DA5268A1D11004F4F88 /* TodoModel.swift in Sources */,
				249B7D98268A1D05004F4F88 /* NetworkingExampleTvOSApp.swift in Sources */,
				249B7DAA268A1D11004F4F88 /* NetworkingService+Additions.swift in Sources */,
				249B7DA4268A1D11004F4F88 /* ContentViewModel.swift in Sources */,
			);
			runOnlyForDeploymentPostprocessing = 0;
		};
		249B7DBB268A1F2A004F4F88 /* Sources */ = {
			isa = PBXSourcesBuildPhase;
			buildActionMask = 2147483647;
			files = (
				249B7DE1268A1F6A004F4F88 /* TodoModel.swift in Sources */,
				249B7DE0268A1F6A004F4F88 /* ServiceBase.swift in Sources */,
				249B7DC7268A1F2A004F4F88 /* NetworkingExampleApp.swift in Sources */,
				249B7DDE268A1F6A004F4F88 /* ContentViewModel.swift in Sources */,
				249B7DC9268A1F2A004F4F88 /* ComplicationController.swift in Sources */,
				249B7DE2268A1F6A004F4F88 /* ContentView.swift in Sources */,
				249B7DDF268A1F6A004F4F88 /* NetworkingService+Additions.swift in Sources */,
				249B7DDB268A1F6A004F4F88 /* Networking+Additions.swift in Sources */,
				249B7DDC268A1F6A004F4F88 /* TodoService.swift in Sources */,
			);
			runOnlyForDeploymentPostprocessing = 0;
		};
/* End PBXSourcesBuildPhase section */

/* Begin PBXTargetDependency section */
		249B7DB6268A1F28004F4F88 /* PBXTargetDependency */ = {
			isa = PBXTargetDependency;
			target = 249B7DB2268A1F28004F4F88 /* NetworkingExampleWatchOS WatchKit App */;
			targetProxy = 249B7DB5268A1F28004F4F88 /* PBXContainerItemProxy */;
		};
		249B7DC2268A1F2A004F4F88 /* PBXTargetDependency */ = {
			isa = PBXTargetDependency;
			target = 249B7DBE268A1F2A004F4F88 /* NetworkingExampleWatchOS WatchKit Extension */;
			targetProxy = 249B7DC1268A1F2A004F4F88 /* PBXContainerItemProxy */;
		};
/* End PBXTargetDependency section */

/* Begin XCBuildConfiguration section */
		242D0D2625800BA20084CE4E /* Debug */ = {
			isa = XCBuildConfiguration;
			buildSettings = {
				ALWAYS_SEARCH_USER_PATHS = NO;
				CLANG_ANALYZER_NONNULL = YES;
				CLANG_ANALYZER_NUMBER_OBJECT_CONVERSION = YES_AGGRESSIVE;
				CLANG_CXX_LANGUAGE_STANDARD = "gnu++14";
				CLANG_CXX_LIBRARY = "libc++";
				CLANG_ENABLE_MODULES = YES;
				CLANG_ENABLE_OBJC_ARC = YES;
				CLANG_ENABLE_OBJC_WEAK = YES;
				CLANG_WARN_BLOCK_CAPTURE_AUTORELEASING = YES;
				CLANG_WARN_BOOL_CONVERSION = YES;
				CLANG_WARN_COMMA = YES;
				CLANG_WARN_CONSTANT_CONVERSION = YES;
				CLANG_WARN_DEPRECATED_OBJC_IMPLEMENTATIONS = YES;
				CLANG_WARN_DIRECT_OBJC_ISA_USAGE = YES_ERROR;
				CLANG_WARN_DOCUMENTATION_COMMENTS = YES;
				CLANG_WARN_EMPTY_BODY = YES;
				CLANG_WARN_ENUM_CONVERSION = YES;
				CLANG_WARN_INFINITE_RECURSION = YES;
				CLANG_WARN_INT_CONVERSION = YES;
				CLANG_WARN_NON_LITERAL_NULL_CONVERSION = YES;
				CLANG_WARN_OBJC_IMPLICIT_RETAIN_SELF = YES;
				CLANG_WARN_OBJC_LITERAL_CONVERSION = YES;
				CLANG_WARN_OBJC_ROOT_CLASS = YES_ERROR;
				CLANG_WARN_QUOTED_INCLUDE_IN_FRAMEWORK_HEADER = YES;
				CLANG_WARN_RANGE_LOOP_ANALYSIS = YES;
				CLANG_WARN_STRICT_PROTOTYPES = YES;
				CLANG_WARN_SUSPICIOUS_MOVE = YES;
				CLANG_WARN_UNGUARDED_AVAILABILITY = YES_AGGRESSIVE;
				CLANG_WARN_UNREACHABLE_CODE = YES;
				CLANG_WARN__DUPLICATE_METHOD_MATCH = YES;
				COPY_PHASE_STRIP = NO;
				DEBUG_INFORMATION_FORMAT = dwarf;
				ENABLE_STRICT_OBJC_MSGSEND = YES;
				ENABLE_TESTABILITY = YES;
				GCC_C_LANGUAGE_STANDARD = gnu11;
				GCC_DYNAMIC_NO_PIC = NO;
				GCC_NO_COMMON_BLOCKS = YES;
				GCC_OPTIMIZATION_LEVEL = 0;
				GCC_PREPROCESSOR_DEFINITIONS = (
					"DEBUG=1",
					"$(inherited)",
				);
				GCC_WARN_64_TO_32_BIT_CONVERSION = YES;
				GCC_WARN_ABOUT_RETURN_TYPE = YES_ERROR;
				GCC_WARN_UNDECLARED_SELECTOR = YES;
				GCC_WARN_UNINITIALIZED_AUTOS = YES_AGGRESSIVE;
				GCC_WARN_UNUSED_FUNCTION = YES;
				GCC_WARN_UNUSED_VARIABLE = YES;
				IPHONEOS_DEPLOYMENT_TARGET = 14.2;
				MTL_ENABLE_DEBUG_INFO = INCLUDE_SOURCE;
				MTL_FAST_MATH = YES;
				ONLY_ACTIVE_ARCH = YES;
				SDKROOT = iphoneos;
				SWIFT_ACTIVE_COMPILATION_CONDITIONS = DEBUG;
				SWIFT_OPTIMIZATION_LEVEL = "-Onone";
			};
			name = Debug;
		};
		242D0D2725800BA20084CE4E /* Release */ = {
			isa = XCBuildConfiguration;
			buildSettings = {
				ALWAYS_SEARCH_USER_PATHS = NO;
				CLANG_ANALYZER_NONNULL = YES;
				CLANG_ANALYZER_NUMBER_OBJECT_CONVERSION = YES_AGGRESSIVE;
				CLANG_CXX_LANGUAGE_STANDARD = "gnu++14";
				CLANG_CXX_LIBRARY = "libc++";
				CLANG_ENABLE_MODULES = YES;
				CLANG_ENABLE_OBJC_ARC = YES;
				CLANG_ENABLE_OBJC_WEAK = YES;
				CLANG_WARN_BLOCK_CAPTURE_AUTORELEASING = YES;
				CLANG_WARN_BOOL_CONVERSION = YES;
				CLANG_WARN_COMMA = YES;
				CLANG_WARN_CONSTANT_CONVERSION = YES;
				CLANG_WARN_DEPRECATED_OBJC_IMPLEMENTATIONS = YES;
				CLANG_WARN_DIRECT_OBJC_ISA_USAGE = YES_ERROR;
				CLANG_WARN_DOCUMENTATION_COMMENTS = YES;
				CLANG_WARN_EMPTY_BODY = YES;
				CLANG_WARN_ENUM_CONVERSION = YES;
				CLANG_WARN_INFINITE_RECURSION = YES;
				CLANG_WARN_INT_CONVERSION = YES;
				CLANG_WARN_NON_LITERAL_NULL_CONVERSION = YES;
				CLANG_WARN_OBJC_IMPLICIT_RETAIN_SELF = YES;
				CLANG_WARN_OBJC_LITERAL_CONVERSION = YES;
				CLANG_WARN_OBJC_ROOT_CLASS = YES_ERROR;
				CLANG_WARN_QUOTED_INCLUDE_IN_FRAMEWORK_HEADER = YES;
				CLANG_WARN_RANGE_LOOP_ANALYSIS = YES;
				CLANG_WARN_STRICT_PROTOTYPES = YES;
				CLANG_WARN_SUSPICIOUS_MOVE = YES;
				CLANG_WARN_UNGUARDED_AVAILABILITY = YES_AGGRESSIVE;
				CLANG_WARN_UNREACHABLE_CODE = YES;
				CLANG_WARN__DUPLICATE_METHOD_MATCH = YES;
				COPY_PHASE_STRIP = NO;
				DEBUG_INFORMATION_FORMAT = "dwarf-with-dsym";
				ENABLE_NS_ASSERTIONS = NO;
				ENABLE_STRICT_OBJC_MSGSEND = YES;
				GCC_C_LANGUAGE_STANDARD = gnu11;
				GCC_NO_COMMON_BLOCKS = YES;
				GCC_WARN_64_TO_32_BIT_CONVERSION = YES;
				GCC_WARN_ABOUT_RETURN_TYPE = YES_ERROR;
				GCC_WARN_UNDECLARED_SELECTOR = YES;
				GCC_WARN_UNINITIALIZED_AUTOS = YES_AGGRESSIVE;
				GCC_WARN_UNUSED_FUNCTION = YES;
				GCC_WARN_UNUSED_VARIABLE = YES;
				IPHONEOS_DEPLOYMENT_TARGET = 14.2;
				MTL_ENABLE_DEBUG_INFO = NO;
				MTL_FAST_MATH = YES;
				SDKROOT = iphoneos;
				SWIFT_COMPILATION_MODE = wholemodule;
				SWIFT_OPTIMIZATION_LEVEL = "-O";
				VALIDATE_PRODUCT = YES;
			};
			name = Release;
		};
		242D0D2925800BA20084CE4E /* Debug */ = {
			isa = XCBuildConfiguration;
			buildSettings = {
				ASSETCATALOG_COMPILER_APPICON_NAME = AppIcon;
				ASSETCATALOG_COMPILER_GLOBAL_ACCENT_COLOR_NAME = AccentColor;
				CODE_SIGN_STYLE = Automatic;
				DEVELOPMENT_ASSET_PATHS = "\"NetworkingExample/Preview Content\"";
				DEVELOPMENT_TEAM = NE64KXLJA8;
				ENABLE_PREVIEWS = YES;
				INFOPLIST_FILE = NetworkingExample/Info.plist;
				IPHONEOS_DEPLOYMENT_TARGET = 14.0;
				LD_RUNPATH_SEARCH_PATHS = (
					"$(inherited)",
					"@executable_path/Frameworks",
				);
				PRODUCT_BUNDLE_IDENTIFIER = com.pprokopowicz.NetworkingExample;
				PRODUCT_NAME = "$(TARGET_NAME)";
				SWIFT_VERSION = 5.0;
				TARGETED_DEVICE_FAMILY = "1,2";
			};
			name = Debug;
		};
		242D0D2A25800BA20084CE4E /* Release */ = {
			isa = XCBuildConfiguration;
			buildSettings = {
				ASSETCATALOG_COMPILER_APPICON_NAME = AppIcon;
				ASSETCATALOG_COMPILER_GLOBAL_ACCENT_COLOR_NAME = AccentColor;
				CODE_SIGN_STYLE = Automatic;
				DEVELOPMENT_ASSET_PATHS = "\"NetworkingExample/Preview Content\"";
				DEVELOPMENT_TEAM = NE64KXLJA8;
				ENABLE_PREVIEWS = YES;
				INFOPLIST_FILE = NetworkingExample/Info.plist;
				IPHONEOS_DEPLOYMENT_TARGET = 14.0;
				LD_RUNPATH_SEARCH_PATHS = (
					"$(inherited)",
					"@executable_path/Frameworks",
				);
				PRODUCT_BUNDLE_IDENTIFIER = com.pprokopowicz.NetworkingExample;
				PRODUCT_NAME = "$(TARGET_NAME)";
				SWIFT_VERSION = 5.0;
				TARGETED_DEVICE_FAMILY = "1,2";
			};
			name = Release;
		};
		249B7D52268A1AEC004F4F88 /* Debug */ = {
			isa = XCBuildConfiguration;
			buildSettings = {
				ASSETCATALOG_COMPILER_APPICON_NAME = AppIcon;
				ASSETCATALOG_COMPILER_GLOBAL_ACCENT_COLOR_NAME = AccentColor;
				CODE_SIGN_ENTITLEMENTS = NetworkingExampleMacOS/NetworkingExampleMacOS.entitlements;
				CODE_SIGN_STYLE = Automatic;
				COMBINE_HIDPI_IMAGES = YES;
				DEVELOPMENT_ASSET_PATHS = "\"NetworkingExampleMacOS/Preview Content\"";
				DEVELOPMENT_TEAM = NE64KXLJA8;
				ENABLE_HARDENED_RUNTIME = YES;
				ENABLE_PREVIEWS = YES;
				INFOPLIST_FILE = NetworkingExampleMacOS/Info.plist;
				LD_RUNPATH_SEARCH_PATHS = (
					"$(inherited)",
					"@executable_path/../Frameworks",
				);
				MACOSX_DEPLOYMENT_TARGET = 11.0;
				PRODUCT_BUNDLE_IDENTIFIER = com.pprokopowicz.NetworkingExampleMacOS;
				PRODUCT_NAME = "$(TARGET_NAME)";
				SDKROOT = macosx;
				SWIFT_VERSION = 5.0;
			};
			name = Debug;
		};
		249B7D53268A1AEC004F4F88 /* Release */ = {
			isa = XCBuildConfiguration;
			buildSettings = {
				ASSETCATALOG_COMPILER_APPICON_NAME = AppIcon;
				ASSETCATALOG_COMPILER_GLOBAL_ACCENT_COLOR_NAME = AccentColor;
				CODE_SIGN_ENTITLEMENTS = NetworkingExampleMacOS/NetworkingExampleMacOS.entitlements;
				CODE_SIGN_STYLE = Automatic;
				COMBINE_HIDPI_IMAGES = YES;
				DEVELOPMENT_ASSET_PATHS = "\"NetworkingExampleMacOS/Preview Content\"";
				DEVELOPMENT_TEAM = NE64KXLJA8;
				ENABLE_HARDENED_RUNTIME = YES;
				ENABLE_PREVIEWS = YES;
				INFOPLIST_FILE = NetworkingExampleMacOS/Info.plist;
				LD_RUNPATH_SEARCH_PATHS = (
					"$(inherited)",
					"@executable_path/../Frameworks",
				);
				MACOSX_DEPLOYMENT_TARGET = 11.0;
				PRODUCT_BUNDLE_IDENTIFIER = com.pprokopowicz.NetworkingExampleMacOS;
				PRODUCT_NAME = "$(TARGET_NAME)";
				SDKROOT = macosx;
				SWIFT_VERSION = 5.0;
			};
			name = Release;
		};
		249B7DA2268A1D07004F4F88 /* Debug */ = {
			isa = XCBuildConfiguration;
			buildSettings = {
				ASSETCATALOG_COMPILER_APPICON_NAME = "App Icon & Top Shelf Image";
				ASSETCATALOG_COMPILER_GLOBAL_ACCENT_COLOR_NAME = AccentColor;
				CODE_SIGN_STYLE = Automatic;
				DEVELOPMENT_ASSET_PATHS = "\"NetworkingExampleTvOS/Preview Content\"";
				DEVELOPMENT_TEAM = NE64KXLJA8;
				ENABLE_PREVIEWS = YES;
				INFOPLIST_FILE = NetworkingExampleTvOS/Info.plist;
				LD_RUNPATH_SEARCH_PATHS = (
					"$(inherited)",
					"@executable_path/Frameworks",
				);
				PRODUCT_BUNDLE_IDENTIFIER = com.pprokopowicz.NetworkingExampleTvOS;
				PRODUCT_NAME = "$(TARGET_NAME)";
				SDKROOT = appletvos;
				SWIFT_VERSION = 5.0;
				TARGETED_DEVICE_FAMILY = 3;
				TVOS_DEPLOYMENT_TARGET = 14.0;
			};
			name = Debug;
		};
		249B7DA3268A1D07004F4F88 /* Release */ = {
			isa = XCBuildConfiguration;
			buildSettings = {
				ASSETCATALOG_COMPILER_APPICON_NAME = "App Icon & Top Shelf Image";
				ASSETCATALOG_COMPILER_GLOBAL_ACCENT_COLOR_NAME = AccentColor;
				CODE_SIGN_STYLE = Automatic;
				DEVELOPMENT_ASSET_PATHS = "\"NetworkingExampleTvOS/Preview Content\"";
				DEVELOPMENT_TEAM = NE64KXLJA8;
				ENABLE_PREVIEWS = YES;
				INFOPLIST_FILE = NetworkingExampleTvOS/Info.plist;
				LD_RUNPATH_SEARCH_PATHS = (
					"$(inherited)",
					"@executable_path/Frameworks",
				);
				PRODUCT_BUNDLE_IDENTIFIER = com.pprokopowicz.NetworkingExampleTvOS;
				PRODUCT_NAME = "$(TARGET_NAME)";
				SDKROOT = appletvos;
				SWIFT_VERSION = 5.0;
				TARGETED_DEVICE_FAMILY = 3;
				TVOS_DEPLOYMENT_TARGET = 14.0;
			};
			name = Release;
		};
		249B7DD1268A1F2B004F4F88 /* Debug */ = {
			isa = XCBuildConfiguration;
			buildSettings = {
				ASSETCATALOG_COMPILER_COMPLICATION_NAME = Complication;
				CODE_SIGN_STYLE = Automatic;
				DEVELOPMENT_ASSET_PATHS = "\"NetworkingExampleWatchOS WatchKit Extension/Preview Content\"";
				DEVELOPMENT_TEAM = NE64KXLJA8;
				ENABLE_PREVIEWS = YES;
				INFOPLIST_FILE = "NetworkingExampleWatchOS WatchKit Extension/Info.plist";
				LD_RUNPATH_SEARCH_PATHS = (
					"$(inherited)",
					"@executable_path/Frameworks",
					"@executable_path/../../Frameworks",
				);
				PRODUCT_BUNDLE_IDENTIFIER = com.pprokopowicz.NetworkingExampleWatchOS.watchkitapp.watchkitextension;
				PRODUCT_NAME = "${TARGET_NAME}";
				SDKROOT = watchos;
				SKIP_INSTALL = YES;
				SWIFT_VERSION = 5.0;
				TARGETED_DEVICE_FAMILY = 4;
				WATCHOS_DEPLOYMENT_TARGET = 7.0;
			};
			name = Debug;
		};
		249B7DD2268A1F2B004F4F88 /* Release */ = {
			isa = XCBuildConfiguration;
			buildSettings = {
				ASSETCATALOG_COMPILER_COMPLICATION_NAME = Complication;
				CODE_SIGN_STYLE = Automatic;
				DEVELOPMENT_ASSET_PATHS = "\"NetworkingExampleWatchOS WatchKit Extension/Preview Content\"";
				DEVELOPMENT_TEAM = NE64KXLJA8;
				ENABLE_PREVIEWS = YES;
				INFOPLIST_FILE = "NetworkingExampleWatchOS WatchKit Extension/Info.plist";
				LD_RUNPATH_SEARCH_PATHS = (
					"$(inherited)",
					"@executable_path/Frameworks",
					"@executable_path/../../Frameworks",
				);
				PRODUCT_BUNDLE_IDENTIFIER = com.pprokopowicz.NetworkingExampleWatchOS.watchkitapp.watchkitextension;
				PRODUCT_NAME = "${TARGET_NAME}";
				SDKROOT = watchos;
				SKIP_INSTALL = YES;
				SWIFT_VERSION = 5.0;
				TARGETED_DEVICE_FAMILY = 4;
				WATCHOS_DEPLOYMENT_TARGET = 7.0;
			};
			name = Release;
		};
		249B7DD5268A1F2B004F4F88 /* Debug */ = {
			isa = XCBuildConfiguration;
			buildSettings = {
				ALWAYS_EMBED_SWIFT_STANDARD_LIBRARIES = YES;
				ASSETCATALOG_COMPILER_APPICON_NAME = AppIcon;
				ASSETCATALOG_COMPILER_GLOBAL_ACCENT_COLOR_NAME = AccentColor;
				CODE_SIGN_STYLE = Automatic;
				DEVELOPMENT_TEAM = NE64KXLJA8;
				IBSC_MODULE = NetworkingExampleWatchOS_WatchKit_Extension;
				INFOPLIST_FILE = "NetworkingExampleWatchOS WatchKit App/Info.plist";
				PRODUCT_BUNDLE_IDENTIFIER = com.pprokopowicz.NetworkingExampleWatchOS.watchkitapp;
				PRODUCT_NAME = "$(TARGET_NAME)";
				SDKROOT = watchos;
				SKIP_INSTALL = YES;
				SWIFT_VERSION = 5.0;
				TARGETED_DEVICE_FAMILY = 4;
				WATCHOS_DEPLOYMENT_TARGET = 7.4;
			};
			name = Debug;
		};
		249B7DD6268A1F2B004F4F88 /* Release */ = {
			isa = XCBuildConfiguration;
			buildSettings = {
				ALWAYS_EMBED_SWIFT_STANDARD_LIBRARIES = YES;
				ASSETCATALOG_COMPILER_APPICON_NAME = AppIcon;
				ASSETCATALOG_COMPILER_GLOBAL_ACCENT_COLOR_NAME = AccentColor;
				CODE_SIGN_STYLE = Automatic;
				DEVELOPMENT_TEAM = NE64KXLJA8;
				IBSC_MODULE = NetworkingExampleWatchOS_WatchKit_Extension;
				INFOPLIST_FILE = "NetworkingExampleWatchOS WatchKit App/Info.plist";
				PRODUCT_BUNDLE_IDENTIFIER = com.pprokopowicz.NetworkingExampleWatchOS.watchkitapp;
				PRODUCT_NAME = "$(TARGET_NAME)";
				SDKROOT = watchos;
				SKIP_INSTALL = YES;
				SWIFT_VERSION = 5.0;
				TARGETED_DEVICE_FAMILY = 4;
				WATCHOS_DEPLOYMENT_TARGET = 7.4;
			};
			name = Release;
		};
		249B7DD9268A1F2B004F4F88 /* Debug */ = {
			isa = XCBuildConfiguration;
			buildSettings = {
				CODE_SIGN_STYLE = Automatic;
				CURRENT_PROJECT_VERSION = 1;
				DEVELOPMENT_TEAM = NE64KXLJA8;
				MARKETING_VERSION = 1.0;
				PRODUCT_BUNDLE_IDENTIFIER = com.pprokopowicz.NetworkingExampleWatchOS;
				PRODUCT_NAME = "$(TARGET_NAME)";
				SWIFT_VERSION = 5.0;
			};
			name = Debug;
		};
		249B7DDA268A1F2B004F4F88 /* Release */ = {
			isa = XCBuildConfiguration;
			buildSettings = {
				CODE_SIGN_STYLE = Automatic;
				CURRENT_PROJECT_VERSION = 1;
				DEVELOPMENT_TEAM = NE64KXLJA8;
				MARKETING_VERSION = 1.0;
				PRODUCT_BUNDLE_IDENTIFIER = com.pprokopowicz.NetworkingExampleWatchOS;
				PRODUCT_NAME = "$(TARGET_NAME)";
				SWIFT_VERSION = 5.0;
			};
			name = Release;
		};
/* End XCBuildConfiguration section */

/* Begin XCConfigurationList section */
		242D0D1425800BA20084CE4E /* Build configuration list for PBXProject "NetworkingExample" */ = {
			isa = XCConfigurationList;
			buildConfigurations = (
				242D0D2625800BA20084CE4E /* Debug */,
				242D0D2725800BA20084CE4E /* Release */,
			);
			defaultConfigurationIsVisible = 0;
			defaultConfigurationName = Release;
		};
		242D0D2825800BA20084CE4E /* Build configuration list for PBXNativeTarget "NetworkingExampleIOS" */ = {
			isa = XCConfigurationList;
			buildConfigurations = (
				242D0D2925800BA20084CE4E /* Debug */,
				242D0D2A25800BA20084CE4E /* Release */,
			);
			defaultConfigurationIsVisible = 0;
			defaultConfigurationName = Release;
		};
		249B7D54268A1AEC004F4F88 /* Build configuration list for PBXNativeTarget "NetworkingExampleMacOS" */ = {
			isa = XCConfigurationList;
			buildConfigurations = (
				249B7D52268A1AEC004F4F88 /* Debug */,
				249B7D53268A1AEC004F4F88 /* Release */,
			);
			defaultConfigurationIsVisible = 0;
			defaultConfigurationName = Release;
		};
		249B7DA1268A1D07004F4F88 /* Build configuration list for PBXNativeTarget "NetworkingExampleTvOS" */ = {
			isa = XCConfigurationList;
			buildConfigurations = (
				249B7DA2268A1D07004F4F88 /* Debug */,
				249B7DA3268A1D07004F4F88 /* Release */,
			);
			defaultConfigurationIsVisible = 0;
			defaultConfigurationName = Release;
		};
		249B7DD0268A1F2B004F4F88 /* Build configuration list for PBXNativeTarget "NetworkingExampleWatchOS WatchKit Extension" */ = {
			isa = XCConfigurationList;
			buildConfigurations = (
				249B7DD1268A1F2B004F4F88 /* Debug */,
				249B7DD2268A1F2B004F4F88 /* Release */,
			);
			defaultConfigurationIsVisible = 0;
			defaultConfigurationName = Release;
		};
		249B7DD4268A1F2B004F4F88 /* Build configuration list for PBXNativeTarget "NetworkingExampleWatchOS WatchKit App" */ = {
			isa = XCConfigurationList;
			buildConfigurations = (
				249B7DD5268A1F2B004F4F88 /* Debug */,
				249B7DD6268A1F2B004F4F88 /* Release */,
			);
			defaultConfigurationIsVisible = 0;
			defaultConfigurationName = Release;
		};
		249B7DD8268A1F2B004F4F88 /* Build configuration list for PBXNativeTarget "NetworkingExampleWatchOS" */ = {
			isa = XCConfigurationList;
			buildConfigurations = (
				249B7DD9268A1F2B004F4F88 /* Debug */,
				249B7DDA268A1F2B004F4F88 /* Release */,
			);
			defaultConfigurationIsVisible = 0;
			defaultConfigurationName = Release;
		};
/* End XCConfigurationList section */

/* Begin XCSwiftPackageProductDependency section */
		242D0D5E25800C830084CE4E /* Networking */ = {
			isa = XCSwiftPackageProductDependency;
			productName = Networking;
		};
		249B7D5D268A1B34004F4F88 /* Networking */ = {
			isa = XCSwiftPackageProductDependency;
			productName = Networking;
		};
		249B7DAC268A1D50004F4F88 /* Networking */ = {
			isa = XCSwiftPackageProductDependency;
			productName = Networking;
		};
		249B7DE3268A1F7A004F4F88 /* Networking */ = {
			isa = XCSwiftPackageProductDependency;
			productName = Networking;
		};
/* End XCSwiftPackageProductDependency section */
	};
	rootObject = 242D0D1125800BA20084CE4E /* Project object */;
}
